
Microsoft Visual Studio Solution File, Format Version 12.00
# Visual Studio Version 17
VisualStudioVersion = 17.14.36915.13 d17.14
MinimumVisualStudioVersion = 10.0.40219.1
Project("{FAE04EC0-301F-11D3-BF4B-00C04F79EFBC}") = "Laba-3-C#", "Laba-3-C#\Laba-3-C#.csproj", "{CA7F0FBE-BC29-4D32-8F2C-8380E59DB34E}"
EndProject
Global
	GlobalSection(SolutionConfigurationPlatforms) = preSolution
		Debug|Any CPU = Debug|Any CPU
		Release|Any CPU = Release|Any CPU
	EndGlobalSection
	GlobalSection(ProjectConfigurationPlatforms) = postSolution
		{CA7F0FBE-BC29-4D32-8F2C-8380E59DB34E}.Debug|Any CPU.ActiveCfg = Debug|Any CPU
		{CA7F0FBE-BC29-4D32-8F2C-8380E59DB34E}.Debug|Any CPU.Build.0 = Debug|Any CPU
		{CA7F0FBE-BC29-4D32-8F2C-8380E59DB34E}.Release|Any CPU.ActiveCfg = Release|Any CPU
		{CA7F0FBE-BC29-4D32-8F2C-8380E59DB34E}.Release|Any CPU.Build.0 = Release|Any CPU
	EndGlobalSection
	GlobalSection(SolutionProperties) = preSolution
		HideSolutionNode = FALSE
	EndGlobalSection
	GlobalSection(ExtensibilityGlobals) = postSolution
		SolutionGuid = {121464AC-A633-4FEF-880D-3B36AA3CF7B5}
	EndGlobalSection
EndGlobal
